
Microsoft Visual Studio Solution File, Format Version 12.00
# Visual Studio Version 17
VisualStudioVersion = 17.3.32819.101
MinimumVisualStudioVersion = 10.0.40219.1
Project("{FAE04EC0-301F-11D3-BF4B-00C04F79EFBC}") = "TeamCityCITest.Api", "TeamCityCITest.Api\TeamCityCITest.Api.csproj", "{2C27B6F0-D764-4667-A878-0DAFEE069E6A}"
EndProject
Project("{9A19103F-16F7-4668-BE54-9A1E7A4F7556}") = "TeamCityCITest.UnitTest", "TeamCityCITest.UnitTest\TeamCityCITest.UnitTest.csproj", "{1F038323-FA9B-4D66-B94C-35B320E0EA1E}"
EndProject
Global
	GlobalSection(SolutionConfigurationPlatforms) = preSolution
		Debug|Any CPU = Debug|Any CPU
		Release|Any CPU = Release|Any CPU
	EndGlobalSection
	GlobalSection(ProjectConfigurationPlatforms) = postSolution
		{2C27B6F0-D764-4667-A878-0DAFEE069E6A}.Debug|Any CPU.ActiveCfg = Debug|Any CPU
		{2C27B6F0-D764-4667-A878-0DAFEE069E6A}.Debug|Any CPU.Build.0 = Debug|Any CPU
		{2C27B6F0-D764-4667-A878-0DAFEE069E6A}.Release|Any CPU.ActiveCfg = Release|Any CPU
		{2C27B6F0-D764-4667-A878-0DAFEE069E6A}.Release|Any CPU.Build.0 = Release|Any CPU
		{1F038323-FA9B-4D66-B94C-35B320E0EA1E}.Debug|Any CPU.ActiveCfg = Debug|Any CPU
		{1F038323-FA9B-4D66-B94C-35B320E0EA1E}.Debug|Any CPU.Build.0 = Debug|Any CPU
		{1F038323-FA9B-4D66-B94C-35B320E0EA1E}.Release|Any CPU.ActiveCfg = Release|Any CPU
		{1F038323-FA9B-4D66-B94C-35B320E0EA1E}.Release|Any CPU.Build.0 = Release|Any CPU
	EndGlobalSection
	GlobalSection(SolutionProperties) = preSolution
		HideSolutionNode = FALSE
	EndGlobalSection
	GlobalSection(ExtensibilityGlobals) = postSolution
		SolutionGuid = {74D7FE42-D7E4-4895-A1DB-BDAEF4BAD6E0}
	EndGlobalSection
EndGlobal
